{
  "object": {
    "pins": [
      {
        "package": "JSToast",
        "repositoryURL": "https://github.com/wlsdms0122/JSToast",
        "state": {
          "branch": null,
          "revision": "021d2981603ca36c2cc56225cba24089fbf6de8b",
          "version": "1.0.0"
        }
      }
    ]
  },
  "version": 1
}
